
Microsoft Visual Studio Solution File, Format Version 12.00
# Visual Studio Version 17
VisualStudioVersion = 17.9.34701.34
MinimumVisualStudioVersion = 10.0.40219.1
Project("{FAE04EC0-301F-11D3-BF4B-00C04F79EFBC}") = "Week6SringsAndArrays", "Week6SringsAndArrays\Week6SringsAndArrays.csproj", "{3A7C0433-B685-4A0B-9CF9-9013A5B84B66}"
EndProject
Project("{FAE04EC0-301F-11D3-BF4B-00C04F79EFBC}") = "Arrays", "Arrays\Arrays.csproj", "{5E2191A7-A18E-4DE7-A5D3-8A06AB02212F}"
EndProject
Project("{FAE04EC0-301F-11D3-BF4B-00C04F79EFBC}") = "NumberArrays", "NumberArrays\NumberArrays.csproj", "{DB16B90C-A768-4658-AD24-F114E410EEAE}"
EndProject
Project("{FAE04EC0-301F-11D3-BF4B-00C04F79EFBC}") = "RandomElement", "RandomElement\RandomElement.csproj", "{023C8496-139C-4175-BCEF-D069EC521AB5}"
EndProject
Global
	GlobalSection(SolutionConfigurationPlatforms) = preSolution
		Debug|Any CPU = Debug|Any CPU
		Release|Any CPU = Release|Any CPU
	EndGlobalSection
	GlobalSection(ProjectConfigurationPlatforms) = postSolution
		{3A7C0433-B685-4A0B-9CF9-9013A5B84B66}.Debug|Any CPU.ActiveCfg = Debug|Any CPU
		{3A7C0433-B685-4A0B-9CF9-9013A5B84B66}.Debug|Any CPU.Build.0 = Debug|Any CPU
		{3A7C0433-B685-4A0B-9CF9-9013A5B84B66}.Release|Any CPU.ActiveCfg = Release|Any CPU
		{3A7C0433-B685-4A0B-9CF9-9013A5B84B66}.Release|Any CPU.Build.0 = Release|Any CPU
		{5E2191A7-A18E-4DE7-A5D3-8A06AB02212F}.Debug|Any CPU.ActiveCfg = Debug|Any CPU
		{5E2191A7-A18E-4DE7-A5D3-8A06AB02212F}.Debug|Any CPU.Build.0 = Debug|Any CPU
		{5E2191A7-A18E-4DE7-A5D3-8A06AB02212F}.Release|Any CPU.ActiveCfg = Release|Any CPU
		{5E2191A7-A18E-4DE7-A5D3-8A06AB02212F}.Release|Any CPU.Build.0 = Release|Any CPU
		{DB16B90C-A768-4658-AD24-F114E410EEAE}.Debug|Any CPU.ActiveCfg = Debug|Any CPU
		{DB16B90C-A768-4658-AD24-F114E410EEAE}.Debug|Any CPU.Build.0 = Debug|Any CPU
		{DB16B90C-A768-4658-AD24-F114E410EEAE}.Release|Any CPU.ActiveCfg = Release|Any CPU
		{DB16B90C-A768-4658-AD24-F114E410EEAE}.Release|Any CPU.Build.0 = Release|Any CPU
		{023C8496-139C-4175-BCEF-D069EC521AB5}.Debug|Any CPU.ActiveCfg = Debug|Any CPU
		{023C8496-139C-4175-BCEF-D069EC521AB5}.Debug|Any CPU.Build.0 = Debug|Any CPU
		{023C8496-139C-4175-BCEF-D069EC521AB5}.Release|Any CPU.ActiveCfg = Release|Any CPU
		{023C8496-139C-4175-BCEF-D069EC521AB5}.Release|Any CPU.Build.0 = Release|Any CPU
	EndGlobalSection
	GlobalSection(SolutionProperties) = preSolution
		HideSolutionNode = FALSE
	EndGlobalSection
	GlobalSection(ExtensibilityGlobals) = postSolution
		SolutionGuid = {5D3A8E0D-5F5A-484B-8EC5-77C5C1A6786D}
	EndGlobalSection
EndGlobal
